// !$*UTF8*$!
{
	archiveVersion = 1;
	classes = {
	};
	objectVersion = 50;
	objects = {

/* Begin PBXBuildFile section */
		02E1FA9221513E0300FB477D /* AppDelegate.swift in Sources */ = {isa = PBXBuildFile; fileRef = 02E1FA9121513E0300FB477D /* AppDelegate.swift */; };
		02E1FA9421513E0300FB477D /* ViewController.swift in Sources */ = {isa = PBXBuildFile; fileRef = 02E1FA9321513E0300FB477D /* ViewController.swift */; };
		02E1FA9721513E0300FB477D /* Main.storyboard in Resources */ = {isa = PBXBuildFile; fileRef = 02E1FA9521513E0300FB477D /* Main.storyboard */; };
		02E1FA9921513E0600FB477D /* Assets.xcassets in Resources */ = {isa = PBXBuildFile; fileRef = 02E1FA9821513E0600FB477D /* Assets.xcassets */; };
		02E1FA9C21513E0600FB477D /* LaunchScreen.storyboard in Resources */ = {isa = PBXBuildFile; fileRef = 02E1FA9A21513E0600FB477D /* LaunchScreen.storyboard */; };
		02E1FAA721513E0600FB477D /* Project5Tests.swift in Sources */ = {isa = PBXBuildFile; fileRef = 02E1FAA621513E0600FB477D /* Project5Tests.swift */; };
		02E1FAB221513E0600FB477D /* Project5UITests.swift in Sources */ = {isa = PBXBuildFile; fileRef = 02E1FAB121513E0600FB477D /* Project5UITests.swift */; };
/* End PBXBuildFile section */

/* Begin PBXContainerItemProxy section */
		02E1FAA321513E0600FB477D /* PBXContainerItemProxy */ = {
			isa = PBXContainerItemProxy;
			containerPortal = 02E1FA8621513E0300FB477D /* Project object */;
			proxyType = 1;
			remoteGlobalIDString = 02E1FA8D21513E0300FB477D;
			remoteInfo = Project5;
		};
		02E1FAAE21513E0600FB477D /* PBXContainerItemProxy */ = {
			isa = PBXContainerItemProxy;
			containerPortal = 02E1FA8621513E0300FB477D /* Project object */;
			proxyType = 1;
			remoteGlobalIDString = 02E1FA8D21513E0300FB477D;
			remoteInfo = Project5;
		};
/* End PBXContainerItemProxy section */

/* Begin PBXFileReference section */
		02E1FA8E21513E0300FB477D /* Project5.app */ = {isa = PBXFileReference; explicitFileType = wrapper.application; includeInIndex = 0; path = Project5.app; sourceTree = BUILT_PRODUCTS_DIR; };
		02E1FA9121513E0300FB477D /* AppDelegate.swift */ = {isa = PBXFileReference; lastKnownFileType = sourcecode.swift; path = AppDelegate.swift; sourceTree = "<group>"; };
		02E1FA9321513E0300FB477D /* ViewController.swift */ = {isa = PBXFileReference; lastKnownFileType = sourcecode.swift; path = ViewController.swift; sourceTree = "<group>"; };
		02E1FA9621513E0300FB477D /* Base */ = {isa = PBXFileReference; lastKnownFileType = file.storyboard; name = Base; path = Base.lproj/Main.storyboard; sourceTree = "<group>"; };
		02E1FA9821513E0600FB477D /* Assets.xcassets */ = {isa = PBXFileReference; lastKnownFileType = folder.assetcatalog; path = Assets.xcassets; sourceTree = "<group>"; };
		02E1FA9B21513E0600FB477D /* Base */ = {isa = PBXFileReference; lastKnownFileType = file.storyboard; name = Base; path = Base.lproj/LaunchScreen.storyboard; sourceTree = "<group>"; };
		02E1FA9D21513E0600FB477D /* Info.plist */ = {isa = PBXFileReference; lastKnownFileType = text.plist.xml; path = Info.plist; sourceTree = "<group>"; };
		02E1FAA221513E0600FB477D /* Project5Tests.xctest */ = {isa = PBXFileReference; explicitFileType = wrapper.cfbundle; includeInIndex = 0; path = Project5Tests.xctest; sourceTree = BUILT_PRODUCTS_DIR; };
		02E1FAA621513E0600FB477D /* Project5Tests.swift */ = {isa = PBXFileReference; lastKnownFileType = sourcecode.swift; path = Project5Tests.swift; sourceTree = "<group>"; };
		02E1FAA821513E0600FB477D /* Info.plist */ = {isa = PBXFileReference; lastKnownFileType = text.plist.xml; path = Info.plist; sourceTree = "<group>"; };
		02E1FAAD21513E0600FB477D /* Project5UITests.xctest */ = {isa = PBXFileReference; explicitFileType = wrapper.cfbundle; includeInIndex = 0; path = Project5UITests.xctest; sourceTree = BUILT_PRODUCTS_DIR; };
		02E1FAB121513E0600FB477D /* Project5UITests.swift */ = {isa = PBXFileReference; lastKnownFileType = sourcecode.swift; path = Project5UITests.swift; sourceTree = "<group>"; };
		02E1FAB321513E0600FB477D /* Info.plist */ = {isa = PBXFileReference; lastKnownFileType = text.plist.xml; path = Info.plist; sourceTree = "<group>"; };
/* End PBXFileReference section */

/* Begin PBXFrameworksBuildPhase section */
		02E1FA8B21513E0300FB477D /* Frameworks */ = {
			isa = PBXFrameworksBuildPhase;
			buildActionMask = 2147483647;
			files = (
			);
			runOnlyForDeploymentPostprocessing = 0;
		};
		02E1FA9F21513E0600FB477D /* Frameworks */ = {
			isa = PBXFrameworksBuildPhase;
			buildActionMask = 2147483647;
			files = (
			);
			runOnlyForDeploymentPostprocessing = 0;
		};
		02E1FAAA21513E0600FB477D /* Frameworks */ = {
			isa = PBXFrameworksBuildPhase;
			buildActionMask = 2147483647;
			files = (
			);
			runOnlyForDeploymentPostprocessing = 0;
		};
/* End PBXFrameworksBuildPhase section */

/* Begin PBXGroup section */
		02E1FA8521513E0300FB477D = {
			isa = PBXGroup;
			children = (
				02E1FA9021513E0300FB477D /* Project5 */,
				02E1FAA521513E0600FB477D /* Project5Tests */,
				02E1FAB021513E0600FB477D /* Project5UITests */,
				02E1FA8F21513E0300FB477D /* Products */,
			);
			sourceTree = "<group>";
		};
		02E1FA8F21513E0300FB477D /* Products */ = {
			isa = PBXGroup;
			children = (
				02E1FA8E21513E0300FB477D /* Project5.app */,
				02E1FAA221513E0600FB477D /* Project5Tests.xctest */,
				02E1FAAD21513E0600FB477D /* Project5UITests.xctest */,
			);
			name = Products;
			sourceTree = "<group>";
		};
		02E1FA9021513E0300FB477D /* Project5 */ = {
			isa = PBXGroup;
			children = (
				02E1FA9121513E0300FB477D /* AppDelegate.swift */,
				02E1FA9321513E0300FB477D /* ViewController.swift */,
				02E1FA9521513E0300FB477D /* Main.storyboard */,
				02E1FA9821513E0600FB477D /* Assets.xcassets */,
				02E1FA9A21513E0600FB477D /* LaunchScreen.storyboard */,
				02E1FA9D21513E0600FB477D /* Info.plist */,
			);
			path = Project5;
			sourceTree = "<group>";
		};
		02E1FAA521513E0600FB477D /* Project5Tests */ = {
			isa = PBXGroup;
			children = (
				02E1FAA621513E0600FB477D /* Project5Tests.swift */,
				02E1FAA821513E0600FB477D /* Info.plist */,
			);
			path = Project5Tests;
			sourceTree = "<group>";
		};
		02E1FAB021513E0600FB477D /* Project5UITests */ = {
			isa = PBXGroup;
			children = (
				02E1FAB121513E0600FB477D /* Project5UITests.swift */,
				02E1FAB321513E0600FB477D /* Info.plist */,
			);
			path = Project5UITests;
			sourceTree = "<group>";
		};
/* End PBXGroup section */

/* Begin PBXNativeTarget section */
		02E1FA8D21513E0300FB477D /* Project5 */ = {
			isa = PBXNativeTarget;
			buildConfigurationList = 02E1FAB621513E0600FB477D /* Build configuration list for PBXNativeTarget "Project5" */;
			buildPhases = (
				02E1FA8A21513E0300FB477D /* Sources */,
				02E1FA8B21513E0300FB477D /* Frameworks */,
				02E1FA8C21513E0300FB477D /* Resources */,
			);
			buildRules = (
			);
			dependencies = (
			);
			name = Project5;
			productName = Project5;
			productReference = 02E1FA8E21513E0300FB477D /* Project5.app */;
			productType = "com.apple.product-type.application";
		};
		02E1FAA121513E0600FB477D /* Project5Tests */ = {
			isa = PBXNativeTarget;
			buildConfigurationList = 02E1FAB921513E0600FB477D /* Build configuration list for PBXNativeTarget "Project5Tests" */;
			buildPhases = (
				02E1FA9E21513E0600FB477D /* Sources */,
				02E1FA9F21513E0600FB477D /* Frameworks */,
				02E1FAA021513E0600FB477D /* Resources */,
			);
			buildRules = (
			);
			dependencies = (
				02E1FAA421513E0600FB477D /* PBXTargetDependency */,
			);
			name = Project5Tests;
			productName = Project5Tests;
			productReference = 02E1FAA221513E0600FB477D /* Project5Tests.xctest */;
			productType = "com.apple.product-type.bundle.unit-test";
		};
		02E1FAAC21513E0600FB477D /* Project5UITests */ = {
			isa = PBXNativeTarget;
			buildConfigurationList = 02E1FABC21513E0600FB477D /* Build configuration list for PBXNativeTarget "Project5UITests" */;
			buildPhases = (
				02E1FAA921513E0600FB477D /* Sources */,
				02E1FAAA21513E0600FB477D /* Frameworks */,
				02E1FAAB21513E0600FB477D /* Resources */,
			);
			buildRules = (
			);
			dependencies = (
				02E1FAAF21513E0600FB477D /* PBXTargetDependency */,
			);
			name = Project5UITests;
			productName = Project5UITests;
			productReference = 02E1FAAD21513E0600FB477D /* Project5UITests.xctest */;
			productType = "com.apple.product-type.bundle.ui-testing";
		};
/* End PBXNativeTarget section */

/* Begin PBXProject section */
		02E1FA8621513E0300FB477D /* Project object */ = {
			isa = PBXProject;
			attributes = {
				LastSwiftUpdateCheck = 0940;
				LastUpgradeCheck = 0940;
				ORGANIZATIONNAME = "Richard Young";
				TargetAttributes = {
					02E1FA8D21513E0300FB477D = {
						CreatedOnToolsVersion = 9.4.1;
					};
					02E1FAA121513E0600FB477D = {
						CreatedOnToolsVersion = 9.4.1;
						TestTargetID = 02E1FA8D21513E0300FB477D;
					};
					02E1FAAC21513E0600FB477D = {
						CreatedOnToolsVersion = 9.4.1;
						TestTargetID = 02E1FA8D21513E0300FB477D;
					};
				};
			};
			buildConfigurationList = 02E1FA8921513E0300FB477D /* Build configuration list for PBXProject "Project5" */;
			compatibilityVersion = "Xcode 9.3";
			developmentRegion = en;
			hasScannedForEncodings = 0;
			knownRegions = (
				en,
				Base,
			);
			mainGroup = 02E1FA8521513E0300FB477D;
			productRefGroup = 02E1FA8F21513E0300FB477D /* Products */;
			projectDirPath = "";
			projectRoot = "";
			targets = (
				02E1FA8D21513E0300FB477D /* Project5 */,
				02E1FAA121513E0600FB477D /* Project5Tests */,
				02E1FAAC21513E0600FB477D /* Project5UITests */,
			);
		};
/* End PBXProject section */

/* Begin PBXResourcesBuildPhase section */
		02E1FA8C21513E0300FB477D /* Resources */ = {
			isa = PBXResourcesBuildPhase;
			buildActionMask = 2147483647;
			files = (
				02E1FA9C21513E0600FB477D /* LaunchScreen.storyboard in Resources */,
				02E1FA9921513E0600FB477D /* Assets.xcassets in Resources */,
				02E1FA9721513E0300FB477D /* Main.storyboard in Resources */,
			);
			runOnlyForDeploymentPostprocessing = 0;
		};
		02E1FAA021513E0600FB477D /* Resources */ = {
			isa = PBXResourcesBuildPhase;
			buildActionMask = 2147483647;
			files = (
			);
			runOnlyForDeploymentPostprocessing = 0;
		};
		02E1FAAB21513E0600FB477D /* Resources */ = {
			isa = PBXResourcesBuildPhase;
			buildActionMask = 2147483647;
			files = (
			);
			runOnlyForDeploymentPostprocessing = 0;
		};
/* End PBXResourcesBuildPhase section */

/* Begin PBXSourcesBuildPhase section */
		02E1FA8A21513E0300FB477D /* Sources */ = {
			isa = PBXSourcesBuildPhase;
			buildActionMask = 2147483647;
			files = (
				02E1FA9421513E0300FB477D /* ViewController.swift in Sources */,
				02E1FA9221513E0300FB477D /* AppDelegate.swift in Sources */,
			);
			runOnlyForDeploymentPostprocessing = 0;
		};
		02E1FA9E21513E0600FB477D /* Sources */ = {
			isa = PBXSourcesBuildPhase;
			buildActionMask = 2147483647;
			files = (
				02E1FAA721513E0600FB477D /* Project5Tests.swift in Sources */,
			);
			runOnlyForDeploymentPostprocessing = 0;
		};
		02E1FAA921513E0600FB477D /* Sources */ = {
			isa = PBXSourcesBuildPhase;
			buildActionMask = 2147483647;
			files = (
				02E1FAB221513E0600FB477D /* Project5UITests.swift in Sources */,
			);
			runOnlyForDeploymentPostprocessing = 0;
		};
/* End PBXSourcesBuildPhase section */

/* Begin PBXTargetDependency section */
		02E1FAA421513E0600FB477D /* PBXTargetDependency */ = {
			isa = PBXTargetDependency;
			target = 02E1FA8D21513E0300FB477D /* Project5 */;
			targetProxy = 02E1FAA321513E0600FB477D /* PBXContainerItemProxy */;
		};
		02E1FAAF21513E0600FB477D /* PBXTargetDependency */ = {
			isa = PBXTargetDependency;
			target = 02E1FA8D21513E0300FB477D /* Project5 */;
			targetProxy = 02E1FAAE21513E0600FB477D /* PBXContainerItemProxy */;
		};
/* End PBXTargetDependency section */

/* Begin PBXVariantGroup section */
		02E1FA9521513E0300FB477D /* Main.storyboard */ = {
			isa = PBXVariantGroup;
			children = (
				02E1FA9621513E0300FB477D /* Base */,
			);
			name = Main.storyboard;
			sourceTree = "<group>";
		};
		02E1FA9A21513E0600FB477D /* LaunchScreen.storyboard */ = {
			isa = PBXVariantGroup;
			children = (
				02E1FA9B21513E0600FB477D /* Base */,
			);
			name = LaunchScreen.storyboard;
			sourceTree = "<group>";
		};
/* End PBXVariantGroup section */

/* Begin XCBuildConfiguration section */
		02E1FAB421513E0600FB477D /* Debug */ = {
			isa = XCBuildConfiguration;
			buildSettings = {
				ALWAYS_SEARCH_USER_PATHS = NO;
				CLANG_ANALYZER_NONNULL = YES;
				CLANG_ANALYZER_NUMBER_OBJECT_CONVERSION = YES_AGGRESSIVE;
				CLANG_CXX_LANGUAGE_STANDARD = "gnu++14";
				CLANG_CXX_LIBRARY = "libc++";
				CLANG_ENABLE_MODULES = YES;
				CLANG_ENABLE_OBJC_ARC = YES;
				CLANG_ENABLE_OBJC_WEAK = YES;
				CLANG_WARN_BLOCK_CAPTURE_AUTORELEASING = YES;
				CLANG_WARN_BOOL_CONVERSION = YES;
				CLANG_WARN_COMMA = YES;
				CLANG_WARN_CONSTANT_CONVERSION = YES;
				CLANG_WARN_DEPRECATED_OBJC_IMPLEMENTATIONS = YES;
				CLANG_WARN_DIRECT_OBJC_ISA_USAGE = YES_ERROR;
				CLANG_WARN_DOCUMENTATION_COMMENTS = YES;
				CLANG_WARN_EMPTY_BODY = YES;
				CLANG_WARN_ENUM_CONVERSION = YES;
				CLANG_WARN_INFINITE_RECURSION = YES;
				CLANG_WARN_INT_CONVERSION = YES;
				CLANG_WARN_NON_LITERAL_NULL_CONVERSION = YES;
				CLANG_WARN_OBJC_IMPLICIT_RETAIN_SELF = YES;
				CLANG_WARN_OBJC_LITERAL_CONVERSION = YES;
				CLANG_WARN_OBJC_ROOT_CLASS = YES_ERROR;
				CLANG_WARN_RANGE_LOOP_ANALYSIS = YES;
				CLANG_WARN_STRICT_PROTOTYPES = YES;
				CLANG_WARN_SUSPICIOUS_MOVE = YES;
				CLANG_WARN_UNGUARDED_AVAILABILITY = YES_AGGRESSIVE;
				CLANG_WARN_UNREACHABLE_CODE = YES;
				CLANG_WARN__DUPLICATE_METHOD_MATCH = YES;
				CODE_SIGN_IDENTITY = "iPhone Developer";
				COPY_PHASE_STRIP = NO;
				DEBUG_INFORMATION_FORMAT = dwarf;
				ENABLE_STRICT_OBJC_MSGSEND = YES;
				ENABLE_TESTABILITY = YES;
				GCC_C_LANGUAGE_STANDARD = gnu11;
				GCC_DYNAMIC_NO_PIC = NO;
				GCC_NO_COMMON_BLOCKS = YES;
				GCC_OPTIMIZATION_LEVEL = 0;
				GCC_PREPROCESSOR_DEFINITIONS = (
					"DEBUG=1",
					"$(inherited)",
				);
				GCC_WARN_64_TO_32_BIT_CONVERSION = YES;
				GCC_WARN_ABOUT_RETURN_TYPE = YES_ERROR;
				GCC_WARN_UNDECLARED_SELECTOR = YES;
				GCC_WARN_UNINITIALIZED_AUTOS = YES_AGGRESSIVE;
				GCC_WARN_UNUSED_FUNCTION = YES;
				GCC_WARN_UNUSED_VARIABLE = YES;
				IPHONEOS_DEPLOYMENT_TARGET = 11.4;
				MTL_ENABLE_DEBUG_INFO = YES;
				ONLY_ACTIVE_ARCH = YES;
				SDKROOT = iphoneos;
				SWIFT_ACTIVE_COMPILATION_CONDITIONS = DEBUG;
				SWIFT_OPTIMIZATION_LEVEL = "-Onone";
			};
			name = Debug;
		};
		02E1FAB521513E0600FB477D /* Release */ = {
			isa = XCBuildConfiguration;
			buildSettings = {
				ALWAYS_SEARCH_USER_PATHS = NO;
				CLANG_ANALYZER_NONNULL = YES;
				CLANG_ANALYZER_NUMBER_OBJECT_CONVERSION = YES_AGGRESSIVE;
				CLANG_CXX_LANGUAGE_STANDARD = "gnu++14";
				CLANG_CXX_LIBRARY = "libc++";
				CLANG_ENABLE_MODULES = YES;
				CLANG_ENABLE_OBJC_ARC = YES;
				CLANG_ENABLE_OBJC_WEAK = YES;
				CLANG_WARN_BLOCK_CAPTURE_AUTORELEASING = YES;
				CLANG_WARN_BOOL_CONVERSION = YES;
				CLANG_WARN_COMMA = YES;
				CLANG_WARN_CONSTANT_CONVERSION = YES;
				CLANG_WARN_DEPRECATED_OBJC_IMPLEMENTATIONS = YES;
				CLANG_WARN_DIRECT_OBJC_ISA_USAGE = YES_ERROR;
				CLANG_WARN_DOCUMENTATION_COMMENTS = YES;
				CLANG_WARN_EMPTY_BODY = YES;
				CLANG_WARN_ENUM_CONVERSION = YES;
				CLANG_WARN_INFINITE_RECURSION = YES;
				CLANG_WARN_INT_CONVERSION = YES;
				CLANG_WARN_NON_LITERAL_NULL_CONVERSION = YES;
				CLANG_WARN_OBJC_IMPLICIT_RETAIN_SELF = YES;
				CLANG_WARN_OBJC_LITERAL_CONVERSION = YES;
				CLANG_WARN_OBJC_ROOT_CLASS = YES_ERROR;
				CLANG_WARN_RANGE_LOOP_ANALYSIS = YES;
				CLANG_WARN_STRICT_PROTOTYPES = YES;
				CLANG_WARN_SUSPICIOUS_MOVE = YES;
				CLANG_WARN_UNGUARDED_AVAILABILITY = YES_AGGRESSIVE;
				CLANG_WARN_UNREACHABLE_CODE = YES;
				CLANG_WARN__DUPLICATE_METHOD_MATCH = YES;
				CODE_SIGN_IDENTITY = "iPhone Developer";
				COPY_PHASE_STRIP = NO;
				DEBUG_INFORMATION_FORMAT = "dwarf-with-dsym";
				ENABLE_NS_ASSERTIONS = NO;
				ENABLE_STRICT_OBJC_MSGSEND = YES;
				GCC_C_LANGUAGE_STANDARD = gnu11;
				GCC_NO_COMMON_BLOCKS = YES;
				GCC_WARN_64_TO_32_BIT_CONVERSION = YES;
				GCC_WARN_ABOUT_RETURN_TYPE = YES_ERROR;
				GCC_WARN_UNDECLARED_SELECTOR = YES;
				GCC_WARN_UNINITIALIZED_AUTOS = YES_AGGRESSIVE;
				GCC_WARN_UNUSED_FUNCTION = YES;
				GCC_WARN_UNUSED_VARIABLE = YES;
				IPHONEOS_DEPLOYMENT_TARGET = 11.4;
				MTL_ENABLE_DEBUG_INFO = NO;
				SDKROOT = iphoneos;
				SWIFT_COMPILATION_MODE = wholemodule;
				SWIFT_OPTIMIZATION_LEVEL = "-O";
				VALIDATE_PRODUCT = YES;
			};
			name = Release;
		};
		02E1FAB721513E0600FB477D /* Debug */ = {
			isa = XCBuildConfiguration;
			buildSettings = {
				ASSETCATALOG_COMPILER_APPICON_NAME = AppIcon;
				CODE_SIGN_STYLE = Automatic;
				INFOPLIST_FILE = Project5/Info.plist;
				LD_RUNPATH_SEARCH_PATHS = (
					"$(inherited)",
					"@executable_path/Frameworks",
				);
				PRODUCT_BUNDLE_IDENTIFIER = Project1.Project5;
				PRODUCT_NAME = "$(TARGET_NAME)";
				SWIFT_VERSION = 4.0;
				TARGETED_DEVICE_FAMILY = "1,2";
			};
			name = Debug;
		};
		02E1FAB821513E0600FB477D /* Release */ = {
			isa = XCBuildConfiguration;
			buildSettings = {
				ASSETCATALOG_COMPILER_APPICON_NAME = AppIcon;
				CODE_SIGN_STYLE = Automatic;
				INFOPLIST_FILE = Project5/Info.plist;
				LD_RUNPATH_SEARCH_PATHS = (
					"$(inherited)",
					"@executable_path/Frameworks",
				);
				PRODUCT_BUNDLE_IDENTIFIER = Project1.Project5;
				PRODUCT_NAME = "$(TARGET_NAME)";
				SWIFT_VERSION = 4.0;
				TARGETED_DEVICE_FAMILY = "1,2";
			};
			name = Release;
		};
		02E1FABA21513E0600FB477D /* Debug */ = {
			isa = XCBuildConfiguration;
			buildSettings = {
				ALWAYS_EMBED_SWIFT_STANDARD_LIBRARIES = YES;
				BUNDLE_LOADER = "$(TEST_HOST)";
				CODE_SIGN_STYLE = Automatic;
				INFOPLIST_FILE = Project5Tests/Info.plist;
				LD_RUNPATH_SEARCH_PATHS = (
					"$(inherited)",
					"@executable_path/Frameworks",
					"@loader_path/Frameworks",
				);
				PRODUCT_BUNDLE_IDENTIFIER = Project1.Project5Tests;
				PRODUCT_NAME = "$(TARGET_NAME)";
				SWIFT_VERSION = 4.0;
				TARGETED_DEVICE_FAMILY = "1,2";
				TEST_HOST = "$(BUILT_PRODUCTS_DIR)/Project5.app/Project5";
			};
			name = Debug;
		};
		02E1FABB21513E0600FB477D /* Release */ = {
			isa = XCBuildConfiguration;
			buildSettings = {
				ALWAYS_EMBED_SWIFT_STANDARD_LIBRARIES = YES;
				BUNDLE_LOADER = "$(TEST_HOST)";
				CODE_SIGN_STYLE = Automatic;
				INFOPLIST_FILE = Project5Tests/Info.plist;
				LD_RUNPATH_SEARCH_PATHS = (
					"$(inherited)",
					"@executable_path/Frameworks",
					"@loader_path/Frameworks",
				);
				PRODUCT_BUNDLE_IDENTIFIER = Project1.Project5Tests;
				PRODUCT_NAME = "$(TARGET_NAME)";
				SWIFT_VERSION = 4.0;
				TARGETED_DEVICE_FAMILY = "1,2";
				TEST_HOST = "$(BUILT_PRODUCTS_DIR)/Project5.app/Project5";
			};
			name = Release;
		};
		02E1FABD21513E0600FB477D /* Debug */ = {
			isa = XCBuildConfiguration;
			buildSettings = {
				ALWAYS_EMBED_SWIFT_STANDARD_LIBRARIES = YES;
				CODE_SIGN_STYLE = Automatic;
				INFOPLIST_FILE = Project5UITests/Info.plist;
				LD_RUNPATH_SEARCH_PATHS = (
					"$(inherited)",
					"@executable_path/Frameworks",
					"@loader_path/Frameworks",
				);
				PRODUCT_BUNDLE_IDENTIFIER = Project1.Project5UITests;
				PRODUCT_NAME = "$(TARGET_NAME)";
				SWIFT_VERSION = 4.0;
				TARGETED_DEVICE_FAMILY = "1,2";
				TEST_TARGET_NAME = Project5;
			};
			name = Debug;
		};
		02E1FABE21513E0600FB477D /* Release */ = {
			isa = XCBuildConfiguration;
			buildSettings = {
				ALWAYS_EMBED_SWIFT_STANDARD_LIBRARIES = YES;
				CODE_SIGN_STYLE = Automatic;
				INFOPLIST_FILE = Project5UITests/Info.plist;
				LD_RUNPATH_SEARCH_PATHS = (
					"$(inherited)",
					"@executable_path/Frameworks",
					"@loader_path/Frameworks",
				);
				PRODUCT_BUNDLE_IDENTIFIER = Project1.Project5UITests;
				PRODUCT_NAME = "$(TARGET_NAME)";
				SWIFT_VERSION = 4.0;
				TARGETED_DEVICE_FAMILY = "1,2";
				TEST_TARGET_NAME = Project5;
			};
			name = Release;
		};
/* End XCBuildConfiguration section */

/* Begin XCConfigurationList section */
		02E1FA8921513E0300FB477D /* Build configuration list for PBXProject "Project5" */ = {
			isa = XCConfigurationList;
			buildConfigurations = (
				02E1FAB421513E0600FB477D /* Debug */,
				02E1FAB521513E0600FB477D /* Release */,
			);
			defaultConfigurationIsVisible = 0;
			defaultConfigurationName = Release;
		};
		02E1FAB621513E0600FB477D /* Build configuration list for PBXNativeTarget "Project5" */ = {
			isa = XCConfigurationList;
			buildConfigurations = (
				02E1FAB721513E0600FB477D /* Debug */,
				02E1FAB821513E0600FB477D /* Release */,
			);
			defaultConfigurationIsVisible = 0;
			defaultConfigurationName = Release;
		};
		02E1FAB921513E0600FB477D /* Build configuration list for PBXNativeTarget "Project5Tests" */ = {
			isa = XCConfigurationList;
			buildConfigurations = (
				02E1FABA21513E0600FB477D /* Debug */,
				02E1FABB21513E0600FB477D /* Release */,
			);
			defaultConfigurationIsVisible = 0;
			defaultConfigurationName = Release;
		};
		02E1FABC21513E0600FB477D /* Build configuration list for PBXNativeTarget "Project5UITests" */ = {
			isa = XCConfigurationList;
			buildConfigurations = (
				02E1FABD21513E0600FB477D /* Debug */,
				02E1FABE21513E0600FB477D /* Release */,
			);
			defaultConfigurationIsVisible = 0;
			defaultConfigurationName = Release;
		};
/* End XCConfigurationList section */
	};
	rootObject = 02E1FA8621513E0300FB477D /* Project object */;
}
